// !$*UTF8*$!
{
	archiveVersion = 1;
	classes = {
	};
	objectVersion = 56;
	objects = {

/* Begin PBXBuildFile section */
		1E9EB29E29EC82F6005C0300 /* mockSearch in Resources */ = {isa = PBXBuildFile; fileRef = 1E9EB29D29EC82F6005C0300 /* mockSearch */; };
		1E9EB2A529ED1D0B005C0300 /* SimpleTableViewControllerCellTableViewCell.swift in Sources */ = {isa = PBXBuildFile; fileRef = 1E9EB2A329ED1D0B005C0300 /* SimpleTableViewControllerCellTableViewCell.swift */; };
		1E9EB2A629ED1D0B005C0300 /* SimpleTableViewControllerCellTableViewCell.xib in Resources */ = {isa = PBXBuildFile; fileRef = 1E9EB2A429ED1D0B005C0300 /* SimpleTableViewControllerCellTableViewCell.xib */; };
		1EA1EF7029E63E5400F116D7 /* Area Information.swift in Sources */ = {isa = PBXBuildFile; fileRef = 1EA1EF6F29E63E5400F116D7 /* Area Information.swift */; };
		1EA1EF7229E63E7800F116D7 /* AreaNearby.swift in Sources */ = {isa = PBXBuildFile; fileRef = 1EA1EF7129E63E7800F116D7 /* AreaNearby.swift */; };
		1EA1EF7429E63E9500F116D7 /* AreaSearch.swift in Sources */ = {isa = PBXBuildFile; fileRef = 1EA1EF7329E63E9500F116D7 /* AreaSearch.swift */; };
		1EA1EF7C29E8226C00F116D7 /* ViewController2.swift in Sources */ = {isa = PBXBuildFile; fileRef = 1EA1EF7B29E8226C00F116D7 /* ViewController2.swift */; };
		1EA1EF7E29E8228700F116D7 /* ViewController3.swift in Sources */ = {isa = PBXBuildFile; fileRef = 1EA1EF7D29E8228700F116D7 /* ViewController3.swift */; };
		1EA1EF8E29E9BD0200F116D7 /* DetailViewController.swift in Sources */ = {isa = PBXBuildFile; fileRef = 1EA1EF8D29E9BD0200F116D7 /* DetailViewController.swift */; };
		1ED6617729E327AC009EC0A4 /* SimpleTableViewCell.swift in Sources */ = {isa = PBXBuildFile; fileRef = 1ED6617629E327AC009EC0A4 /* SimpleTableViewCell.swift */; };
		1ED6618429E329FF009EC0A4 /* ImageTableVeiwCell.swift in Sources */ = {isa = PBXBuildFile; fileRef = 1ED6618229E329FF009EC0A4 /* ImageTableVeiwCell.swift */; };
		1ED6618529E329FF009EC0A4 /* ImageTableVeiwCell.xib in Resources */ = {isa = PBXBuildFile; fileRef = 1ED6618329E329FF009EC0A4 /* ImageTableVeiwCell.xib */; };
		1ED6618729E32B95009EC0A4 /* StretchyTableHeaderView.swift in Sources */ = {isa = PBXBuildFile; fileRef = 1ED6618629E32B95009EC0A4 /* StretchyTableHeaderView.swift */; };
		1ED9B17729DD538F002D387F /* AppDelegate.swift in Sources */ = {isa = PBXBuildFile; fileRef = 1ED9B17629DD538F002D387F /* AppDelegate.swift */; };
		1ED9B17929DD538F002D387F /* SceneDelegate.swift in Sources */ = {isa = PBXBuildFile; fileRef = 1ED9B17829DD538F002D387F /* SceneDelegate.swift */; };
		1ED9B17B29DD538F002D387F /* ViewController.swift in Sources */ = {isa = PBXBuildFile; fileRef = 1ED9B17A29DD538F002D387F /* ViewController.swift */; };
		1ED9B17E29DD538F002D387F /* Main.storyboard in Resources */ = {isa = PBXBuildFile; fileRef = 1ED9B17C29DD538F002D387F /* Main.storyboard */; };
		1ED9B18029DD5394002D387F /* Assets.xcassets in Resources */ = {isa = PBXBuildFile; fileRef = 1ED9B17F29DD5394002D387F /* Assets.xcassets */; };
		1ED9B18329DD5394002D387F /* LaunchScreen.storyboard in Resources */ = {isa = PBXBuildFile; fileRef = 1ED9B18129DD5394002D387F /* LaunchScreen.storyboard */; };
		1ED9B18E29DD5394002D387F /* EskomSePushloadsheddingTests.swift in Sources */ = {isa = PBXBuildFile; fileRef = 1ED9B18D29DD5394002D387F /* EskomSePushloadsheddingTests.swift */; };
		1ED9B19829DD5394002D387F /* EskomSePushloadsheddingUITests.swift in Sources */ = {isa = PBXBuildFile; fileRef = 1ED9B19729DD5394002D387F /* EskomSePushloadsheddingUITests.swift */; };
		1ED9B19A29DD5394002D387F /* EskomSePushloadsheddingUITestsLaunchTests.swift in Sources */ = {isa = PBXBuildFile; fileRef = 1ED9B19929DD5394002D387F /* EskomSePushloadsheddingUITestsLaunchTests.swift */; };
		1ED9B22229DD66F2002D387F /* networkmanager.swift in Sources */ = {isa = PBXBuildFile; fileRef = 1ED9B22129DD66F2002D387F /* networkmanager.swift */; };
		1ED9B22529DD6F2C002D387F /* status.swift in Sources */ = {isa = PBXBuildFile; fileRef = 1ED9B22429DD6F2C002D387F /* status.swift */; };
/* End PBXBuildFile section */

/* Begin PBXContainerItemProxy section */
		1ED9B18A29DD5394002D387F /* PBXContainerItemProxy */ = {
			isa = PBXContainerItemProxy;
			containerPortal = 1ED9B16B29DD538F002D387F /* Project object */;
			proxyType = 1;
			remoteGlobalIDString = 1ED9B17229DD538F002D387F;
			remoteInfo = EskomSePushloadshedding;
		};
		1ED9B19429DD5394002D387F /* PBXContainerItemProxy */ = {
			isa = PBXContainerItemProxy;
			containerPortal = 1ED9B16B29DD538F002D387F /* Project object */;
			proxyType = 1;
			remoteGlobalIDString = 1ED9B17229DD538F002D387F;
			remoteInfo = EskomSePushloadshedding;
		};
/* End PBXContainerItemProxy section */

/* Begin PBXFileReference section */
		1E9EB29D29EC82F6005C0300 /* mockSearch */ = {isa = PBXFileReference; lastKnownFileType = text; path = mockSearch; sourceTree = "<group>"; };
		1E9EB2A329ED1D0B005C0300 /* SimpleTableViewControllerCellTableViewCell.swift */ = {isa = PBXFileReference; lastKnownFileType = sourcecode.swift; path = SimpleTableViewControllerCellTableViewCell.swift; sourceTree = "<group>"; };
		1E9EB2A429ED1D0B005C0300 /* SimpleTableViewControllerCellTableViewCell.xib */ = {isa = PBXFileReference; lastKnownFileType = file.xib; path = SimpleTableViewControllerCellTableViewCell.xib; sourceTree = "<group>"; };
		1EA1EF6F29E63E5400F116D7 /* Area Information.swift */ = {isa = PBXFileReference; lastKnownFileType = sourcecode.swift; path = "Area Information.swift"; sourceTree = "<group>"; };
		1EA1EF7129E63E7800F116D7 /* AreaNearby.swift */ = {isa = PBXFileReference; lastKnownFileType = sourcecode.swift; path = AreaNearby.swift; sourceTree = "<group>"; };
		1EA1EF7329E63E9500F116D7 /* AreaSearch.swift */ = {isa = PBXFileReference; lastKnownFileType = sourcecode.swift; path = AreaSearch.swift; sourceTree = "<group>"; };
		1EA1EF7B29E8226C00F116D7 /* ViewController2.swift */ = {isa = PBXFileReference; lastKnownFileType = sourcecode.swift; path = ViewController2.swift; sourceTree = "<group>"; };
		1EA1EF7D29E8228700F116D7 /* ViewController3.swift */ = {isa = PBXFileReference; lastKnownFileType = sourcecode.swift; path = ViewController3.swift; sourceTree = "<group>"; };
		1EA1EF8D29E9BD0200F116D7 /* DetailViewController.swift */ = {isa = PBXFileReference; lastKnownFileType = sourcecode.swift; path = DetailViewController.swift; sourceTree = "<group>"; };
		1ED6617629E327AC009EC0A4 /* SimpleTableViewCell.swift */ = {isa = PBXFileReference; lastKnownFileType = sourcecode.swift; path = SimpleTableViewCell.swift; sourceTree = "<group>"; };
		1ED6618229E329FF009EC0A4 /* ImageTableVeiwCell.swift */ = {isa = PBXFileReference; lastKnownFileType = sourcecode.swift; path = ImageTableVeiwCell.swift; sourceTree = "<group>"; };
		1ED6618329E329FF009EC0A4 /* ImageTableVeiwCell.xib */ = {isa = PBXFileReference; lastKnownFileType = file.xib; path = ImageTableVeiwCell.xib; sourceTree = "<group>"; };
		1ED6618629E32B95009EC0A4 /* StretchyTableHeaderView.swift */ = {isa = PBXFileReference; lastKnownFileType = sourcecode.swift; path = StretchyTableHeaderView.swift; sourceTree = "<group>"; };
		1ED9B17329DD538F002D387F /* EskomSePushloadshedding.app */ = {isa = PBXFileReference; explicitFileType = wrapper.application; includeInIndex = 0; path = EskomSePushloadshedding.app; sourceTree = BUILT_PRODUCTS_DIR; };
		1ED9B17629DD538F002D387F /* AppDelegate.swift */ = {isa = PBXFileReference; lastKnownFileType = sourcecode.swift; path = AppDelegate.swift; sourceTree = "<group>"; };
		1ED9B17829DD538F002D387F /* SceneDelegate.swift */ = {isa = PBXFileReference; lastKnownFileType = sourcecode.swift; path = SceneDelegate.swift; sourceTree = "<group>"; };
		1ED9B17A29DD538F002D387F /* ViewController.swift */ = {isa = PBXFileReference; lastKnownFileType = sourcecode.swift; path = ViewController.swift; sourceTree = "<group>"; };
		1ED9B17D29DD538F002D387F /* Base */ = {isa = PBXFileReference; lastKnownFileType = file.storyboard; name = Base; path = Base.lproj/Main.storyboard; sourceTree = "<group>"; };
		1ED9B17F29DD5394002D387F /* Assets.xcassets */ = {isa = PBXFileReference; lastKnownFileType = folder.assetcatalog; path = Assets.xcassets; sourceTree = "<group>"; };
		1ED9B18229DD5394002D387F /* Base */ = {isa = PBXFileReference; lastKnownFileType = file.storyboard; name = Base; path = Base.lproj/LaunchScreen.storyboard; sourceTree = "<group>"; };
		1ED9B18429DD5394002D387F /* Info.plist */ = {isa = PBXFileReference; lastKnownFileType = text.plist.xml; path = Info.plist; sourceTree = "<group>"; };
		1ED9B18929DD5394002D387F /* EskomSePushloadsheddingTests.xctest */ = {isa = PBXFileReference; explicitFileType = wrapper.cfbundle; includeInIndex = 0; path = EskomSePushloadsheddingTests.xctest; sourceTree = BUILT_PRODUCTS_DIR; };
		1ED9B18D29DD5394002D387F /* EskomSePushloadsheddingTests.swift */ = {isa = PBXFileReference; lastKnownFileType = sourcecode.swift; path = EskomSePushloadsheddingTests.swift; sourceTree = "<group>"; };
		1ED9B19329DD5394002D387F /* EskomSePushloadsheddingUITests.xctest */ = {isa = PBXFileReference; explicitFileType = wrapper.cfbundle; includeInIndex = 0; path = EskomSePushloadsheddingUITests.xctest; sourceTree = BUILT_PRODUCTS_DIR; };
		1ED9B19729DD5394002D387F /* EskomSePushloadsheddingUITests.swift */ = {isa = PBXFileReference; lastKnownFileType = sourcecode.swift; path = EskomSePushloadsheddingUITests.swift; sourceTree = "<group>"; };
		1ED9B19929DD5394002D387F /* EskomSePushloadsheddingUITestsLaunchTests.swift */ = {isa = PBXFileReference; lastKnownFileType = sourcecode.swift; path = EskomSePushloadsheddingUITestsLaunchTests.swift; sourceTree = "<group>"; };
		1ED9B22129DD66F2002D387F /* networkmanager.swift */ = {isa = PBXFileReference; lastKnownFileType = sourcecode.swift; path = networkmanager.swift; sourceTree = "<group>"; };
		1ED9B22429DD6F2C002D387F /* status.swift */ = {isa = PBXFileReference; lastKnownFileType = sourcecode.swift; path = status.swift; sourceTree = "<group>"; };
/* End PBXFileReference section */

/* Begin PBXFrameworksBuildPhase section */
		1ED9B17029DD538F002D387F /* Frameworks */ = {
			isa = PBXFrameworksBuildPhase;
			buildActionMask = 2147483647;
			files = (
			);
			runOnlyForDeploymentPostprocessing = 0;
		};
		1ED9B18629DD5394002D387F /* Frameworks */ = {
			isa = PBXFrameworksBuildPhase;
			buildActionMask = 2147483647;
			files = (
			);
			runOnlyForDeploymentPostprocessing = 0;
		};
		1ED9B19029DD5394002D387F /* Frameworks */ = {
			isa = PBXFrameworksBuildPhase;
			buildActionMask = 2147483647;
			files = (
			);
			runOnlyForDeploymentPostprocessing = 0;
		};
/* End PBXFrameworksBuildPhase section */

/* Begin PBXGroup section */
		1ED6617429E3274A009EC0A4 /* Cells */ = {
			isa = PBXGroup;
			children = (
				1ED6617629E327AC009EC0A4 /* SimpleTableViewCell.swift */,
				1E9EB2A329ED1D0B005C0300 /* SimpleTableViewControllerCellTableViewCell.swift */,
				1E9EB2A429ED1D0B005C0300 /* SimpleTableViewControllerCellTableViewCell.xib */,
				1ED6618329E329FF009EC0A4 /* ImageTableVeiwCell.xib */,
				1ED6618229E329FF009EC0A4 /* ImageTableVeiwCell.swift */,
			);
			path = Cells;
			sourceTree = "<group>";
		};
		1ED6617529E32769009EC0A4 /* views */ = {
			isa = PBXGroup;
			children = (
				1ED6618629E32B95009EC0A4 /* StretchyTableHeaderView.swift */,
				1ED9B17A29DD538F002D387F /* ViewController.swift */,
				1EA1EF7B29E8226C00F116D7 /* ViewController2.swift */,
				1EA1EF7D29E8228700F116D7 /* ViewController3.swift */,
				1EA1EF8D29E9BD0200F116D7 /* DetailViewController.swift */,
			);
			path = views;
			sourceTree = "<group>";
		};
		1ED9B16A29DD538F002D387F = {
			isa = PBXGroup;
			children = (
				1ED9B17529DD538F002D387F /* EskomSePushloadshedding */,
				1ED9B18C29DD5394002D387F /* EskomSePushloadsheddingTests */,
				1ED9B19629DD5394002D387F /* EskomSePushloadsheddingUITests */,
				1ED9B17429DD538F002D387F /* Products */,
			);
			sourceTree = "<group>";
		};
		1ED9B17429DD538F002D387F /* Products */ = {
			isa = PBXGroup;
			children = (
				1ED9B17329DD538F002D387F /* EskomSePushloadshedding.app */,
				1ED9B18929DD5394002D387F /* EskomSePushloadsheddingTests.xctest */,
				1ED9B19329DD5394002D387F /* EskomSePushloadsheddingUITests.xctest */,
			);
			name = Products;
			sourceTree = "<group>";
		};
		1ED9B17529DD538F002D387F /* EskomSePushloadshedding */ = {
			isa = PBXGroup;
			children = (
				1ED6617529E32769009EC0A4 /* views */,
				1ED6617429E3274A009EC0A4 /* Cells */,
				1ED9B17629DD538F002D387F /* AppDelegate.swift */,
				1ED9B17829DD538F002D387F /* SceneDelegate.swift */,
				1ED9B22029DD66DD002D387F /* networking */,
				1ED9B17C29DD538F002D387F /* Main.storyboard */,
				1ED9B17F29DD5394002D387F /* Assets.xcassets */,
				1ED9B18129DD5394002D387F /* LaunchScreen.storyboard */,
				1ED9B18429DD5394002D387F /* Info.plist */,
			);
			path = EskomSePushloadshedding;
			sourceTree = "<group>";
		};
		1ED9B18C29DD5394002D387F /* EskomSePushloadsheddingTests */ = {
			isa = PBXGroup;
			children = (
				1ED9B18D29DD5394002D387F /* EskomSePushloadsheddingTests.swift */,
			);
			path = EskomSePushloadsheddingTests;
			sourceTree = "<group>";
		};
		1ED9B19629DD5394002D387F /* EskomSePushloadsheddingUITests */ = {
			isa = PBXGroup;
			children = (
				1ED9B19729DD5394002D387F /* EskomSePushloadsheddingUITests.swift */,
				1ED9B19929DD5394002D387F /* EskomSePushloadsheddingUITestsLaunchTests.swift */,
			);
			path = EskomSePushloadsheddingUITests;
			sourceTree = "<group>";
		};
		1ED9B22029DD66DD002D387F /* networking */ = {
			isa = PBXGroup;
			children = (
				1ED9B22329DD6F1D002D387F /* models */,
				1ED9B22129DD66F2002D387F /* networkmanager.swift */,
			);
			path = networking;
			sourceTree = "<group>";
		};
		1ED9B22329DD6F1D002D387F /* models */ = {
			isa = PBXGroup;
			children = (
				1ED9B22429DD6F2C002D387F /* status.swift */,
				1EA1EF6F29E63E5400F116D7 /* Area Information.swift */,
				1EA1EF7129E63E7800F116D7 /* AreaNearby.swift */,
				1EA1EF7329E63E9500F116D7 /* AreaSearch.swift */,
				1E9EB29D29EC82F6005C0300 /* mockSearch */,
			);
			path = models;
			sourceTree = "<group>";
		};
/* End PBXGroup section */

/* Begin PBXNativeTarget section */
		1ED9B17229DD538F002D387F /* EskomSePushloadshedding */ = {
			isa = PBXNativeTarget;
			buildConfigurationList = 1ED9B19D29DD5394002D387F /* Build configuration list for PBXNativeTarget "EskomSePushloadshedding" */;
			buildPhases = (
				1ED9B16F29DD538F002D387F /* Sources */,
				1ED9B17029DD538F002D387F /* Frameworks */,
				1ED9B17129DD538F002D387F /* Resources */,
			);
			buildRules = (
			);
			dependencies = (
			);
			name = EskomSePushloadshedding;
			productName = EskomSePushloadshedding;
			productReference = 1ED9B17329DD538F002D387F /* EskomSePushloadshedding.app */;
			productType = "com.apple.product-type.application";
		};
		1ED9B18829DD5394002D387F /* EskomSePushloadsheddingTests */ = {
			isa = PBXNativeTarget;
			buildConfigurationList = 1ED9B1A029DD5394002D387F /* Build configuration list for PBXNativeTarget "EskomSePushloadsheddingTests" */;
			buildPhases = (
				1ED9B18529DD5394002D387F /* Sources */,
				1ED9B18629DD5394002D387F /* Frameworks */,
				1ED9B18729DD5394002D387F /* Resources */,
			);
			buildRules = (
			);
			dependencies = (
				1ED9B18B29DD5394002D387F /* PBXTargetDependency */,
			);
			name = EskomSePushloadsheddingTests;
			productName = EskomSePushloadsheddingTests;
			productReference = 1ED9B18929DD5394002D387F /* EskomSePushloadsheddingTests.xctest */;
			productType = "com.apple.product-type.bundle.unit-test";
		};
		1ED9B19229DD5394002D387F /* EskomSePushloadsheddingUITests */ = {
			isa = PBXNativeTarget;
			buildConfigurationList = 1ED9B1A329DD5394002D387F /* Build configuration list for PBXNativeTarget "EskomSePushloadsheddingUITests" */;
			buildPhases = (
				1ED9B18F29DD5394002D387F /* Sources */,
				1ED9B19029DD5394002D387F /* Frameworks */,
				1ED9B19129DD5394002D387F /* Resources */,
			);
			buildRules = (
			);
			dependencies = (
				1ED9B19529DD5394002D387F /* PBXTargetDependency */,
			);
			name = EskomSePushloadsheddingUITests;
			productName = EskomSePushloadsheddingUITests;
			productReference = 1ED9B19329DD5394002D387F /* EskomSePushloadsheddingUITests.xctest */;
			productType = "com.apple.product-type.bundle.ui-testing";
		};
/* End PBXNativeTarget section */

/* Begin PBXProject section */
		1ED9B16B29DD538F002D387F /* Project object */ = {
			isa = PBXProject;
			attributes = {
				BuildIndependentTargetsInParallel = 1;
				LastSwiftUpdateCheck = 1430;
				LastUpgradeCheck = 1430;
				TargetAttributes = {
					1ED9B17229DD538F002D387F = {
						CreatedOnToolsVersion = 14.3;
					};
					1ED9B18829DD5394002D387F = {
						CreatedOnToolsVersion = 14.3;
						TestTargetID = 1ED9B17229DD538F002D387F;
					};
					1ED9B19229DD5394002D387F = {
						CreatedOnToolsVersion = 14.3;
						TestTargetID = 1ED9B17229DD538F002D387F;
					};
				};
			};
			buildConfigurationList = 1ED9B16E29DD538F002D387F /* Build configuration list for PBXProject "EskomSePushloadshedding" */;
			compatibilityVersion = "Xcode 14.0";
			developmentRegion = en;
			hasScannedForEncodings = 0;
			knownRegions = (
				en,
				Base,
			);
			mainGroup = 1ED9B16A29DD538F002D387F;
			productRefGroup = 1ED9B17429DD538F002D387F /* Products */;
			projectDirPath = "";
			projectRoot = "";
			targets = (
				1ED9B17229DD538F002D387F /* EskomSePushloadshedding */,
				1ED9B18829DD5394002D387F /* EskomSePushloadsheddingTests */,
				1ED9B19229DD5394002D387F /* EskomSePushloadsheddingUITests */,
			);
		};
/* End PBXProject section */

/* Begin PBXResourcesBuildPhase section */
		1ED9B17129DD538F002D387F /* Resources */ = {
			isa = PBXResourcesBuildPhase;
			buildActionMask = 2147483647;
			files = (
				1ED9B18329DD5394002D387F /* LaunchScreen.storyboard in Resources */,
				1E9EB2A629ED1D0B005C0300 /* SimpleTableViewControllerCellTableViewCell.xib in Resources */,
				1ED6618529E329FF009EC0A4 /* ImageTableVeiwCell.xib in Resources */,
				1E9EB29E29EC82F6005C0300 /* mockSearch in Resources */,
				1ED9B18029DD5394002D387F /* Assets.xcassets in Resources */,
				1ED9B17E29DD538F002D387F /* Main.storyboard in Resources */,
			);
			runOnlyForDeploymentPostprocessing = 0;
		};
		1ED9B18729DD5394002D387F /* Resources */ = {
			isa = PBXResourcesBuildPhase;
			buildActionMask = 2147483647;
			files = (
			);
			runOnlyForDeploymentPostprocessing = 0;
		};
		1ED9B19129DD5394002D387F /* Resources */ = {
			isa = PBXResourcesBuildPhase;
			buildActionMask = 2147483647;
			files = (
			);
			runOnlyForDeploymentPostprocessing = 0;
		};
/* End PBXResourcesBuildPhase section */

/* Begin PBXSourcesBuildPhase section */
		1ED9B16F29DD538F002D387F /* Sources */ = {
			isa = PBXSourcesBuildPhase;
			buildActionMask = 2147483647;
			files = (
				1ED9B22229DD66F2002D387F /* networkmanager.swift in Sources */,
				1ED6618429E329FF009EC0A4 /* ImageTableVeiwCell.swift in Sources */,
				1ED9B22529DD6F2C002D387F /* status.swift in Sources */,
				1ED6618729E32B95009EC0A4 /* StretchyTableHeaderView.swift in Sources */,
				1EA1EF7029E63E5400F116D7 /* Area Information.swift in Sources */,
				1EA1EF7229E63E7800F116D7 /* AreaNearby.swift in Sources */,
				1ED9B17B29DD538F002D387F /* ViewController.swift in Sources */,
				1ED9B17729DD538F002D387F /* AppDelegate.swift in Sources */,
				1ED6617729E327AC009EC0A4 /* SimpleTableViewCell.swift in Sources */,
				1EA1EF7429E63E9500F116D7 /* AreaSearch.swift in Sources */,
				1ED9B17929DD538F002D387F /* SceneDelegate.swift in Sources */,
				1EA1EF8E29E9BD0200F116D7 /* DetailViewController.swift in Sources */,
				1E9EB2A529ED1D0B005C0300 /* SimpleTableViewControllerCellTableViewCell.swift in Sources */,
				1EA1EF7E29E8228700F116D7 /* ViewController3.swift in Sources */,
				1EA1EF7C29E8226C00F116D7 /* ViewController2.swift in Sources */,
			);
			runOnlyForDeploymentPostprocessing = 0;
		};
		1ED9B18529DD5394002D387F /* Sources */ = {
			isa = PBXSourcesBuildPhase;
			buildActionMask = 2147483647;
			files = (
				1ED9B18E29DD5394002D387F /* EskomSePushloadsheddingTests.swift in Sources */,
			);
			runOnlyForDeploymentPostprocessing = 0;
		};
		1ED9B18F29DD5394002D387F /* Sources */ = {
			isa = PBXSourcesBuildPhase;
			buildActionMask = 2147483647;
			files = (
				1ED9B19A29DD5394002D387F /* EskomSePushloadsheddingUITestsLaunchTests.swift in Sources */,
				1ED9B19829DD5394002D387F /* EskomSePushloadsheddingUITests.swift in Sources */,
			);
			runOnlyForDeploymentPostprocessing = 0;
		};
/* End PBXSourcesBuildPhase section */

/* Begin PBXTargetDependency section */
		1ED9B18B29DD5394002D387F /* PBXTargetDependency */ = {
			isa = PBXTargetDependency;
			target = 1ED9B17229DD538F002D387F /* EskomSePushloadshedding */;
			targetProxy = 1ED9B18A29DD5394002D387F /* PBXContainerItemProxy */;
		};
		1ED9B19529DD5394002D387F /* PBXTargetDependency */ = {
			isa = PBXTargetDependency;
			target = 1ED9B17229DD538F002D387F /* EskomSePushloadshedding */;
			targetProxy = 1ED9B19429DD5394002D387F /* PBXContainerItemProxy */;
		};
/* End PBXTargetDependency section */

/* Begin PBXVariantGroup section */
		1ED9B17C29DD538F002D387F /* Main.storyboard */ = {
			isa = PBXVariantGroup;
			children = (
				1ED9B17D29DD538F002D387F /* Base */,
			);
			name = Main.storyboard;
			sourceTree = "<group>";
		};
		1ED9B18129DD5394002D387F /* LaunchScreen.storyboard */ = {
			isa = PBXVariantGroup;
			children = (
				1ED9B18229DD5394002D387F /* Base */,
			);
			name = LaunchScreen.storyboard;
			sourceTree = "<group>";
		};
/* End PBXVariantGroup section */

/* Begin XCBuildConfiguration section */
		1ED9B19B29DD5394002D387F /* Debug */ = {
			isa = XCBuildConfiguration;
			buildSettings = {
				ALWAYS_SEARCH_USER_PATHS = NO;
				CLANG_ANALYZER_NONNULL = YES;
				CLANG_ANALYZER_NUMBER_OBJECT_CONVERSION = YES_AGGRESSIVE;
				CLANG_CXX_LANGUAGE_STANDARD = "gnu++20";
				CLANG_ENABLE_MODULES = YES;
				CLANG_ENABLE_OBJC_ARC = YES;
				CLANG_ENABLE_OBJC_WEAK = YES;
				CLANG_WARN_BLOCK_CAPTURE_AUTORELEASING = YES;
				CLANG_WARN_BOOL_CONVERSION = YES;
				CLANG_WARN_COMMA = YES;
				CLANG_WARN_CONSTANT_CONVERSION = YES;
				CLANG_WARN_DEPRECATED_OBJC_IMPLEMENTATIONS = YES;
				CLANG_WARN_DIRECT_OBJC_ISA_USAGE = YES_ERROR;
				CLANG_WARN_DOCUMENTATION_COMMENTS = YES;
				CLANG_WARN_EMPTY_BODY = YES;
				CLANG_WARN_ENUM_CONVERSION = YES;
				CLANG_WARN_INFINITE_RECURSION = YES;
				CLANG_WARN_INT_CONVERSION = YES;
				CLANG_WARN_NON_LITERAL_NULL_CONVERSION = YES;
				CLANG_WARN_OBJC_IMPLICIT_RETAIN_SELF = YES;
				CLANG_WARN_OBJC_LITERAL_CONVERSION = YES;
				CLANG_WARN_OBJC_ROOT_CLASS = YES_ERROR;
				CLANG_WARN_QUOTED_INCLUDE_IN_FRAMEWORK_HEADER = YES;
				CLANG_WARN_RANGE_LOOP_ANALYSIS = YES;
				CLANG_WARN_STRICT_PROTOTYPES = YES;
				CLANG_WARN_SUSPICIOUS_MOVE = YES;
				CLANG_WARN_UNGUARDED_AVAILABILITY = YES_AGGRESSIVE;
				CLANG_WARN_UNREACHABLE_CODE = YES;
				CLANG_WARN__DUPLICATE_METHOD_MATCH = YES;
				COPY_PHASE_STRIP = NO;
				DEBUG_INFORMATION_FORMAT = dwarf;
				ENABLE_STRICT_OBJC_MSGSEND = YES;
				ENABLE_TESTABILITY = YES;
				GCC_C_LANGUAGE_STANDARD = gnu11;
				GCC_DYNAMIC_NO_PIC = NO;
				GCC_NO_COMMON_BLOCKS = YES;
				GCC_OPTIMIZATION_LEVEL = 0;
				GCC_PREPROCESSOR_DEFINITIONS = (
					"DEBUG=1",
					"$(inherited)",
				);
				GCC_WARN_64_TO_32_BIT_CONVERSION = YES;
				GCC_WARN_ABOUT_RETURN_TYPE = YES_ERROR;
				GCC_WARN_UNDECLARED_SELECTOR = YES;
				GCC_WARN_UNINITIALIZED_AUTOS = YES_AGGRESSIVE;
				GCC_WARN_UNUSED_FUNCTION = YES;
				GCC_WARN_UNUSED_VARIABLE = YES;
				IPHONEOS_DEPLOYMENT_TARGET = 16.4;
				MTL_ENABLE_DEBUG_INFO = INCLUDE_SOURCE;
				MTL_FAST_MATH = YES;
				ONLY_ACTIVE_ARCH = YES;
				SDKROOT = iphoneos;
				SWIFT_ACTIVE_COMPILATION_CONDITIONS = DEBUG;
				SWIFT_OPTIMIZATION_LEVEL = "-Onone";
			};
			name = Debug;
		};
		1ED9B19C29DD5394002D387F /* Release */ = {
			isa = XCBuildConfiguration;
			buildSettings = {
				ALWAYS_SEARCH_USER_PATHS = NO;
				CLANG_ANALYZER_NONNULL = YES;
				CLANG_ANALYZER_NUMBER_OBJECT_CONVERSION = YES_AGGRESSIVE;
				CLANG_CXX_LANGUAGE_STANDARD = "gnu++20";
				CLANG_ENABLE_MODULES = YES;
				CLANG_ENABLE_OBJC_ARC = YES;
				CLANG_ENABLE_OBJC_WEAK = YES;
				CLANG_WARN_BLOCK_CAPTURE_AUTORELEASING = YES;
				CLANG_WARN_BOOL_CONVERSION = YES;
				CLANG_WARN_COMMA = YES;
				CLANG_WARN_CONSTANT_CONVERSION = YES;
				CLANG_WARN_DEPRECATED_OBJC_IMPLEMENTATIONS = YES;
				CLANG_WARN_DIRECT_OBJC_ISA_USAGE = YES_ERROR;
				CLANG_WARN_DOCUMENTATION_COMMENTS = YES;
				CLANG_WARN_EMPTY_BODY = YES;
				CLANG_WARN_ENUM_CONVERSION = YES;
				CLANG_WARN_INFINITE_RECURSION = YES;
				CLANG_WARN_INT_CONVERSION = YES;
				CLANG_WARN_NON_LITERAL_NULL_CONVERSION = YES;
				CLANG_WARN_OBJC_IMPLICIT_RETAIN_SELF = YES;
				CLANG_WARN_OBJC_LITERAL_CONVERSION = YES;
				CLANG_WARN_OBJC_ROOT_CLASS = YES_ERROR;
				CLANG_WARN_QUOTED_INCLUDE_IN_FRAMEWORK_HEADER = YES;
				CLANG_WARN_RANGE_LOOP_ANALYSIS = YES;
				CLANG_WARN_STRICT_PROTOTYPES = YES;
				CLANG_WARN_SUSPICIOUS_MOVE = YES;
				CLANG_WARN_UNGUARDED_AVAILABILITY = YES_AGGRESSIVE;
				CLANG_WARN_UNREACHABLE_CODE = YES;
				CLANG_WARN__DUPLICATE_METHOD_MATCH = YES;
				COPY_PHASE_STRIP = NO;
				DEBUG_INFORMATION_FORMAT = "dwarf-with-dsym";
				ENABLE_NS_ASSERTIONS = NO;
				ENABLE_STRICT_OBJC_MSGSEND = YES;
				GCC_C_LANGUAGE_STANDARD = gnu11;
				GCC_NO_COMMON_BLOCKS = YES;
				GCC_WARN_64_TO_32_BIT_CONVERSION = YES;
				GCC_WARN_ABOUT_RETURN_TYPE = YES_ERROR;
				GCC_WARN_UNDECLARED_SELECTOR = YES;
				GCC_WARN_UNINITIALIZED_AUTOS = YES_AGGRESSIVE;
				GCC_WARN_UNUSED_FUNCTION = YES;
				GCC_WARN_UNUSED_VARIABLE = YES;
				IPHONEOS_DEPLOYMENT_TARGET = 16.4;
				MTL_ENABLE_DEBUG_INFO = NO;
				MTL_FAST_MATH = YES;
				SDKROOT = iphoneos;
				SWIFT_COMPILATION_MODE = wholemodule;
				SWIFT_OPTIMIZATION_LEVEL = "-O";
				VALIDATE_PRODUCT = YES;
			};
			name = Release;
		};
		1ED9B19E29DD5394002D387F /* Debug */ = {
			isa = XCBuildConfiguration;
			buildSettings = {
				ASSETCATALOG_COMPILER_APPICON_NAME = AppIcon;
				ASSETCATALOG_COMPILER_GLOBAL_ACCENT_COLOR_NAME = AccentColor;
				CODE_SIGN_STYLE = Automatic;
				CURRENT_PROJECT_VERSION = 1;
				DEVELOPMENT_TEAM = 9M94VH64P2;
				GENERATE_INFOPLIST_FILE = YES;
				INFOPLIST_FILE = EskomSePushloadshedding/Info.plist;
				INFOPLIST_KEY_UIApplicationSupportsIndirectInputEvents = YES;
				INFOPLIST_KEY_UILaunchStoryboardName = LaunchScreen;
				INFOPLIST_KEY_UIMainStoryboardFile = Main;
				INFOPLIST_KEY_UISupportedInterfaceOrientations_iPad = "UIInterfaceOrientationPortrait UIInterfaceOrientationPortraitUpsideDown UIInterfaceOrientationLandscapeLeft UIInterfaceOrientationLandscapeRight";
				INFOPLIST_KEY_UISupportedInterfaceOrientations_iPhone = "UIInterfaceOrientationPortrait UIInterfaceOrientationLandscapeLeft UIInterfaceOrientationLandscapeRight";
				LD_RUNPATH_SEARCH_PATHS = (
					"$(inherited)",
					"@executable_path/Frameworks",
				);
				MARKETING_VERSION = 1.0;
				PRODUCT_BUNDLE_IDENTIFIER = glucode.com.EskomSePushloadshedding;
				PRODUCT_NAME = "$(TARGET_NAME)";
				SWIFT_EMIT_LOC_STRINGS = YES;
				SWIFT_VERSION = 5.0;
				TARGETED_DEVICE_FAMILY = "1,2";
			};
			name = Debug;
		};
		1ED9B19F29DD5394002D387F /* Release */ = {
			isa = XCBuildConfiguration;
			buildSettings = {
				ASSETCATALOG_COMPILER_APPICON_NAME = AppIcon;
				ASSETCATALOG_COMPILER_GLOBAL_ACCENT_COLOR_NAME = AccentColor;
				CODE_SIGN_STYLE = Automatic;
				CURRENT_PROJECT_VERSION = 1;
				DEVELOPMENT_TEAM = 9M94VH64P2;
				GENERATE_INFOPLIST_FILE = YES;
				INFOPLIST_FILE = EskomSePushloadshedding/Info.plist;
				INFOPLIST_KEY_UIApplicationSupportsIndirectInputEvents = YES;
				INFOPLIST_KEY_UILaunchStoryboardName = LaunchScreen;
				INFOPLIST_KEY_UIMainStoryboardFile = Main;
				INFOPLIST_KEY_UISupportedInterfaceOrientations_iPad = "UIInterfaceOrientationPortrait UIInterfaceOrientationPortraitUpsideDown UIInterfaceOrientationLandscapeLeft UIInterfaceOrientationLandscapeRight";
				INFOPLIST_KEY_UISupportedInterfaceOrientations_iPhone = "UIInterfaceOrientationPortrait UIInterfaceOrientationLandscapeLeft UIInterfaceOrientationLandscapeRight";
				LD_RUNPATH_SEARCH_PATHS = (
					"$(inherited)",
					"@executable_path/Frameworks",
				);
				MARKETING_VERSION = 1.0;
				PRODUCT_BUNDLE_IDENTIFIER = glucode.com.EskomSePushloadshedding;
				PRODUCT_NAME = "$(TARGET_NAME)";
				SWIFT_EMIT_LOC_STRINGS = YES;
				SWIFT_VERSION = 5.0;
				TARGETED_DEVICE_FAMILY = "1,2";
			};
			name = Release;
		};
		1ED9B1A129DD5394002D387F /* Debug */ = {
			isa = XCBuildConfiguration;
			buildSettings = {
				ALWAYS_EMBED_SWIFT_STANDARD_LIBRARIES = YES;
				BUNDLE_LOADER = "$(TEST_HOST)";
				CODE_SIGN_STYLE = Automatic;
				CURRENT_PROJECT_VERSION = 1;
				DEVELOPMENT_TEAM = 9M94VH64P2;
				GENERATE_INFOPLIST_FILE = YES;
				IPHONEOS_DEPLOYMENT_TARGET = 16.4;
				MARKETING_VERSION = 1.0;
				PRODUCT_BUNDLE_IDENTIFIER = glucode.com.EskomSePushloadsheddingTests;
				PRODUCT_NAME = "$(TARGET_NAME)";
				SWIFT_EMIT_LOC_STRINGS = NO;
				SWIFT_VERSION = 5.0;
				TARGETED_DEVICE_FAMILY = "1,2";
				TEST_HOST = "$(BUILT_PRODUCTS_DIR)/EskomSePushloadshedding.app/$(BUNDLE_EXECUTABLE_FOLDER_PATH)/EskomSePushloadshedding";
			};
			name = Debug;
		};
		1ED9B1A229DD5394002D387F /* Release */ = {
			isa = XCBuildConfiguration;
			buildSettings = {
				ALWAYS_EMBED_SWIFT_STANDARD_LIBRARIES = YES;
				BUNDLE_LOADER = "$(TEST_HOST)";
				CODE_SIGN_STYLE = Automatic;
				CURRENT_PROJECT_VERSION = 1;
				DEVELOPMENT_TEAM = 9M94VH64P2;
				GENERATE_INFOPLIST_FILE = YES;
				IPHONEOS_DEPLOYMENT_TARGET = 16.4;
				MARKETING_VERSION = 1.0;
				PRODUCT_BUNDLE_IDENTIFIER = glucode.com.EskomSePushloadsheddingTests;
				PRODUCT_NAME = "$(TARGET_NAME)";
				SWIFT_EMIT_LOC_STRINGS = NO;
				SWIFT_VERSION = 5.0;
				TARGETED_DEVICE_FAMILY = "1,2";
				TEST_HOST = "$(BUILT_PRODUCTS_DIR)/EskomSePushloadshedding.app/$(BUNDLE_EXECUTABLE_FOLDER_PATH)/EskomSePushloadshedding";
			};
			name = Release;
		};
		1ED9B1A429DD5394002D387F /* Debug */ = {
			isa = XCBuildConfiguration;
			buildSettings = {
				ALWAYS_EMBED_SWIFT_STANDARD_LIBRARIES = YES;
				CODE_SIGN_STYLE = Automatic;
				CURRENT_PROJECT_VERSION = 1;
				DEVELOPMENT_TEAM = 9M94VH64P2;
				GENERATE_INFOPLIST_FILE = YES;
				MARKETING_VERSION = 1.0;
				PRODUCT_BUNDLE_IDENTIFIER = glucode.com.EskomSePushloadsheddingUITests;
				PRODUCT_NAME = "$(TARGET_NAME)";
				SWIFT_EMIT_LOC_STRINGS = NO;
				SWIFT_VERSION = 5.0;
				TARGETED_DEVICE_FAMILY = "1,2";
				TEST_TARGET_NAME = EskomSePushloadshedding;
			};
			name = Debug;
		};
		1ED9B1A529DD5394002D387F /* Release */ = {
			isa = XCBuildConfiguration;
			buildSettings = {
				ALWAYS_EMBED_SWIFT_STANDARD_LIBRARIES = YES;
				CODE_SIGN_STYLE = Automatic;
				CURRENT_PROJECT_VERSION = 1;
				DEVELOPMENT_TEAM = 9M94VH64P2;
				GENERATE_INFOPLIST_FILE = YES;
				MARKETING_VERSION = 1.0;
				PRODUCT_BUNDLE_IDENTIFIER = glucode.com.EskomSePushloadsheddingUITests;
				PRODUCT_NAME = "$(TARGET_NAME)";
				SWIFT_EMIT_LOC_STRINGS = NO;
				SWIFT_VERSION = 5.0;
				TARGETED_DEVICE_FAMILY = "1,2";
				TEST_TARGET_NAME = EskomSePushloadshedding;
			};
			name = Release;
		};
/* End XCBuildConfiguration section */

/* Begin XCConfigurationList section */
		1ED9B16E29DD538F002D387F /* Build configuration list for PBXProject "EskomSePushloadshedding" */ = {
			isa = XCConfigurationList;
			buildConfigurations = (
				1ED9B19B29DD5394002D387F /* Debug */,
				1ED9B19C29DD5394002D387F /* Release */,
			);
			defaultConfigurationIsVisible = 0;
			defaultConfigurationName = Release;
		};
		1ED9B19D29DD5394002D387F /* Build configuration list for PBXNativeTarget "EskomSePushloadshedding" */ = {
			isa = XCConfigurationList;
			buildConfigurations = (
				1ED9B19E29DD5394002D387F /* Debug */,
				1ED9B19F29DD5394002D387F /* Release */,
			);
			defaultConfigurationIsVisible = 0;
			defaultConfigurationName = Release;
		};
		1ED9B1A029DD5394002D387F /* Build configuration list for PBXNativeTarget "EskomSePushloadsheddingTests" */ = {
			isa = XCConfigurationList;
			buildConfigurations = (
				1ED9B1A129DD5394002D387F /* Debug */,
				1ED9B1A229DD5394002D387F /* Release */,
			);
			defaultConfigurationIsVisible = 0;
			defaultConfigurationName = Release;
		};
		1ED9B1A329DD5394002D387F /* Build configuration list for PBXNativeTarget "EskomSePushloadsheddingUITests" */ = {
			isa = XCConfigurationList;
			buildConfigurations = (
				1ED9B1A429DD5394002D387F /* Debug */,
				1ED9B1A529DD5394002D387F /* Release */,
			);
			defaultConfigurationIsVisible = 0;
			defaultConfigurationName = Release;
		};
/* End XCConfigurationList section */
	};
	rootObject = 1ED9B16B29DD538F002D387F /* Project object */;
}
